<?xml version="1.0" encoding="utf-8"?>
<Project ToolsVersion="4.0" xmlns="http://schemas.microsoft.com/developer/msbuild/2003">
  <ItemGroup>
    <Filter Include="源文件">
      <UniqueIdentifier>{4FC737F1-C7A5-4376-A066-2A32D752A2FF}</UniqueIdentifier>
      <Extensions>cpp;c;cc;cxx;c++;cppm;ixx;def;odl;idl;hpj;bat;asm;asmx</Extensions>
    </Filter>
    <Filter Include="头文件">
      <UniqueIdentifier>{93995380-89BD-4b04-88EB-625FBE52EBFB}</UniqueIdentifier>
      <Extensions>h;hh;hpp;hxx;h++;hm;inl;inc;ipp;xsd</Extensions>
    </Filter>
    <Filter Include="资源文件">
      <UniqueIdentifier>{67DA6AB6-F800-4c08-8B7A-83BB121AAD01}</UniqueIdentifier>
      <Extensions>rc;ico;cur;bmp;dlg;rc2;rct;bin;rgs;gif;jpg;jpeg;jpe;resx;tiff;tif;png;wav;mfcribbon-ms</Extensions>
    </Filter>
  </ItemGroup>
  <ItemGroup>
    <ClCompile Include="167-初试结构体struct.c">
      <Filter>源文件</Filter>
    </ClCompile>
    <ClCompile Include="178-匿名结构体_函数参数作为结构体.c">
      <Filter>源文件</Filter>
    </ClCompile>
    <ClCompile Include="181-结构体嵌套.c">
      <Filter>源文件</Filter>
    </ClCompile>
    <ClCompile Include="182-枚举.c">
      <Filter>源文件</Filter>
    </ClCompile>
    <ClCompile Include="185-字串符.c">
      <Filter>源文件</Filter>
    </ClCompile>
    <ClCompile Include="198-strchr&amp;strrchr.c">
      <Filter>源文件</Filter>
    </ClCompile>
    <ClCompile Include="208-流-实操.c">
      <Filter>源文件</Filter>
    </ClCompile>
    <ClCompile Include="209-流-覆盖写入-mode_w.c">
      <Filter>源文件</Filter>
    </ClCompile>
    <ClCompile Include="212-ferror-feor-fclearerr.c">
      <Filter>源文件</Filter>
    </ClCompile>
    <ClCompile Include="215-w模式清空.c">
      <Filter>源文件</Filter>
    </ClCompile>
    <ClCompile Include="practice-malloc.c">
      <Filter>源文件</Filter>
    </ClCompile>
    <ClCompile Include="practice-给字符串排序.c">
      <Filter>源文件</Filter>
    </ClCompile>
    <ClCompile Include="218-game_setting_instance.c">
      <Filter>源文件</Filter>
    </ClCompile>
  </ItemGroup>
  <ItemGroup>
    <None Include="gamesettings.bin">
      <Filter>资源文件</Filter>
    </None>
  </ItemGroup>
  <ItemGroup>
    <Text Include="context.txt">
      <Filter>资源文件</Filter>
    </Text>
  </ItemGroup>
</Project>